
Microsoft Visual Studio Solution File, Format Version 12.00
# Visual Studio Version 16
VisualStudioVersion = 16.0.30114.105
MinimumVisualStudioVersion = 10.0.40219.1
Project("{9A19103F-16F7-4668-BE54-9A1E7A4F7556}") = "API", "API\API.csproj", "{E861FFEB-1403-4518-855C-31DDA72E623B}"
EndProject
Project("{2150E333-8FDC-42A3-9474-1A3956D46DE8}") = "Solution Items", "Solution Items", "{239E601E-5CA4-48B0-86A6-66BEEE79F6C1}"
	ProjectSection(SolutionItems) = preProject
		.editorconfig = .editorconfig
	EndProjectSection
EndProject
Global
	GlobalSection(SolutionConfigurationPlatforms) = preSolution
		Debug|Any CPU = Debug|Any CPU
		Debug|x64 = Debug|x64
		Debug|x86 = Debug|x86
		Release|Any CPU = Release|Any CPU
		Release|x64 = Release|x64
		Release|x86 = Release|x86
	EndGlobalSection
	GlobalSection(ProjectConfigurationPlatforms) = postSolution
		{E861FFEB-1403-4518-855C-31DDA72E623B}.Debug|Any CPU.ActiveCfg = Debug|Any CPU
		{E861FFEB-1403-4518-855C-31DDA72E623B}.Debug|Any CPU.Build.0 = Debug|Any CPU
		{E861FFEB-1403-4518-855C-31DDA72E623B}.Debug|x64.ActiveCfg = Debug|Any CPU
		{E861FFEB-1403-4518-855C-31DDA72E623B}.Debug|x64.Build.0 = Debug|Any CPU
		{E861FFEB-1403-4518-855C-31DDA72E623B}.Debug|x86.ActiveCfg = Debug|Any CPU
		{E861FFEB-1403-4518-855C-31DDA72E623B}.Debug|x86.Build.0 = Debug|Any CPU
		{E861FFEB-1403-4518-855C-31DDA72E623B}.Release|Any CPU.ActiveCfg = Release|Any CPU
		{E861FFEB-1403-4518-855C-31DDA72E623B}.Release|Any CPU.Build.0 = Release|Any CPU
		{E861FFEB-1403-4518-855C-31DDA72E623B}.Release|x64.ActiveCfg = Release|Any CPU
		{E861FFEB-1403-4518-855C-31DDA72E623B}.Release|x64.Build.0 = Release|Any CPU
		{E861FFEB-1403-4518-855C-31DDA72E623B}.Release|x86.ActiveCfg = Release|Any CPU
		{E861FFEB-1403-4518-855C-31DDA72E623B}.Release|x86.Build.0 = Release|Any CPU
	EndGlobalSection
	GlobalSection(SolutionProperties) = preSolution
		HideSolutionNode = FALSE
	EndGlobalSection
	GlobalSection(ExtensibilityGlobals) = postSolution
		SolutionGuid = {AA2853D3-BFE2-4997-B085-63EBD41B1268}
	EndGlobalSection
EndGlobal
